{
  "meteor": {},
  "dependencies": {
    "basePackages": {
      "collection2": {}
    },
    "packages": {
      "collection2": {
        "git": "https://github.com/aldeed/meteor-collection2.git",
        "tag": "v0.2.3",
        "commit": "f75f52374cd2c1e2a54f93079ef5f30b5694743f"
      },
      "simple-schema": {
        "git": "https://github.com/aldeed/meteor-simple-schema.git",
        "tag": "v0.2.2",
        "commit": "9178e51949faca10251ad4eaf21ca50d889e066a"
      }
    }
  }
}
